{
  "object": {
    "pins": [
      {
        "package": "SwiftyGPIO",
        "repositoryURL": "https://github.com/uraimo/SwiftyGPIO.git",
        "state": {
          "branch": null,
          "revision": "8b8cde2eb7d8edbb770f6867d8a2c403d399a30c",
          "version": "1.1.7"
        }
      }
    ]
  },
  "version": 1
}
